[[package]]
name = "aiofiles"
version = "23.1.0"
description = "File support for asyncio."
category = "main"
optional = false
python-versions = ">=3.7,<4.0"

[[package]]
name = "aiogram"
version = "3.0.0b7"
description = "Modern and fully asynchronous framework for Telegram Bot API"
category = "main"
optional = false
python-versions = ">=3.8"

[package.dependencies]
aiofiles = ">=23.1.0,<23.2.0"
aiohttp = ">=3.8.4,<3.9.0"
certifi = ">=2022.9.24"
magic-filter = ">=1.0.9,<1.1.0"
pydantic = ">=1.10.4,<1.11.0"

[package.extras]
dev = ["black (>=23.1,<24.0)", "isort (>=5.11,<6.0)", "mypy (>=1.0.0,<1.1.0)", "packaging (>=23.0,<24.0)", "pre-commit (>=3.0.4,<3.1.0)", "ruff (>=0.0.246,<0.1.0)", "toml (>=0.10.2,<0.11.0)", "towncrier (>=22.12.0,<22.13.0)", "typing-extensions (>=4.4.0,<4.5.0)"]
docs = ["furo (>=2022.9.29,<2022.10.0)", "markdown-include (>=0.7.0,<0.8.0)", "pygments (>=2.13.0,<2.14.0)", "pygments (>=2.4,<3.0)", "pymdown-extensions (>=9.6,<10.0)", "sphinx-autobuild (>=2021.3.14,<2021.4.0)", "sphinx-copybutton (>=0.5.0,<0.6.0)", "sphinx-intl (>=2.0.1,<2.1.0)", "sphinx-prompt (>=1.5.0,<1.6.0)", "sphinx-substitution-extensions (>=2022.2.16,<2022.3.0)", "sphinxcontrib-towncrier (>=0.3.1a3,<0.4.0)", "sphinx (>=5.2.3,<5.3.0)", "towncrier (>=22.8.0,<22.9.0)"]
fast = ["uvloop (>=0.17.0)"]
i18n = ["babel (>=2.11.0,<2.12.0)"]
proxy = ["aiohttp-socks (>=0.7.1,<0.8.0)"]
redis = ["redis (>=4.5.1,<4.6.0)"]
test = ["aresponses (>=2.1.6,<2.2.0)", "pytest-aiohttp (>=1.0.4,<1.1.0)", "pytest-asyncio (>=0.20.3,<0.21.0)", "pytest-cov (>=4.0.0,<4.1.0)", "pytest-html (>=3.2.0,<3.3.0)", "pytest-lazy-fixture (>=0.6.3,<0.7.0)", "pytest-mock (>=3.10.0,<3.11.0)", "pytest-mypy (>=0.10.0,<0.11.0)", "pytest (>=7.2.1,<7.3.0)"]

[[package]]
name = "aiogram-dialog"
version = "2.0.0b17"
description = "Telegram bot UI framework on top of aiogram"
category = "main"
optional = false
python-versions = ">=3.8"

[package.dependencies]
aiogram = ">=3.0.0b5,<4.0.0"
cachetools = ">=4.0.0,<5.0.0"
jinja2 = "*"
magic-filter = "*"

[package.extras]
tools = ["diagrams", "aiohttp"]

[[package]]
name = "aiohttp"
version = "3.8.4"
description = "Async http client/server framework (asyncio)"
category = "main"
optional = false
python-versions = ">=3.6"

[package.dependencies]
aiosignal = ">=1.1.2"
async-timeout = ">=4.0.0a3,<5.0"
attrs = ">=17.3.0"
charset-normalizer = ">=2.0,<4.0"
frozenlist = ">=1.1.1"
multidict = ">=4.5,<7.0"
yarl = ">=1.0,<2.0"

[package.extras]
speedups = ["aiodns", "brotli", "cchardet"]

[[package]]
name = "aiosignal"
version = "1.3.1"
description = "aiosignal: a list of registered asynchronous callbacks"
category = "main"
optional = false
python-versions = ">=3.7"

[package.dependencies]
frozenlist = ">=1.1.0"

[[package]]
name = "async-timeout"
version = "4.0.2"
description = "Timeout context manager for asyncio programs"
category = "main"
optional = false
python-versions = ">=3.6"

[[package]]
name = "attrs"
version = "22.2.0"
description = "Classes Without Boilerplate"
category = "main"
optional = false
python-versions = ">=3.6"

[package.extras]
cov = ["attrs", "coverage-enable-subprocess", "coverage[toml] (>=5.3)"]
dev = ["attrs"]
docs = ["furo", "sphinx", "myst-parser", "zope.interface", "sphinx-notfound-page", "sphinxcontrib-towncrier", "towncrier"]
tests = ["attrs", "zope.interface"]
tests-no-zope = ["hypothesis", "pympler", "pytest (>=4.3.0)", "pytest-xdist", "cloudpickle", "mypy (>=0.971,<0.990)", "pytest-mypy-plugins"]
tests_no_zope = ["hypothesis", "pympler", "pytest (>=4.3.0)", "pytest-xdist", "cloudpickle", "mypy (>=0.971,<0.990)", "pytest-mypy-plugins"]

[[package]]
name = "cachetools"
version = "4.2.4"
description = "Extensible memoizing collections and decorators"
category = "main"
optional = false
python-versions = "~=3.5"

[[package]]
name = "certifi"
version = "2022.12.7"
description = "Python package for providing Mozilla's CA Bundle."
category = "main"
optional = false
python-versions = ">=3.6"

[[package]]
name = "charset-normalizer"
version = "3.1.0"
description = "The Real First Universal Charset Detector. Open, modern and actively maintained alternative to Chardet."
category = "main"
optional = false
python-versions = ">=3.7.0"

[[package]]
name = "frozenlist"
version = "1.3.3"
description = "A list-like structure which implements collections.abc.MutableSequence"
category = "main"
optional = false
python-versions = ">=3.7"

[[package]]
name = "idna"
version = "3.4"
description = "Internationalized Domain Names in Applications (IDNA)"
category = "main"
optional = false
python-versions = ">=3.5"

[[package]]
name = "jinja2"
version = "3.1.2"
description = "A very fast and expressive template engine."
category = "main"
optional = false
python-versions = ">=3.7"

[package.dependencies]
MarkupSafe = ">=2.0"

[package.extras]
i18n = ["Babel (>=2.7)"]

[[package]]
name = "magic-filter"
version = "1.0.9"
description = "This package provides magic filter based on dynamic attribute getter"
category = "main"
optional = false
python-versions = ">=3.7,<4.0"

[[package]]
name = "markupsafe"
version = "2.1.2"
description = "Safely add untrusted strings to HTML/XML markup."
category = "main"
optional = false
python-versions = ">=3.7"

[[package]]
name = "multidict"
version = "6.0.4"
description = "multidict implementation"
category = "main"
optional = false
python-versions = ">=3.7"

[[package]]
name = "pydantic"
version = "1.10.6"
description = "Data validation and settings management using python type hints"
category = "main"
optional = false
python-versions = ">=3.7"

[package.dependencies]
typing-extensions = ">=4.2.0"

[package.extras]
dotenv = ["python-dotenv (>=0.10.4)"]
email = ["email-validator (>=1.0.3)"]

[[package]]
name = "typing-extensions"
version = "4.5.0"
description = "Backported and Experimental Type Hints for Python 3.7+"
category = "main"
optional = false
python-versions = ">=3.7"

[[package]]
name = "yarl"
version = "1.8.2"
description = "Yet another URL library"
category = "main"
optional = false
python-versions = ">=3.7"

[package.dependencies]
idna = ">=2.0"
multidict = ">=4.0"

[metadata]
lock-version = "1.1"
python-versions = "^3.8"
content-hash = "2d389314a95cadaf0259eaec28f3e4ad7e013bcba99ba6b38f70bb8b7c768069"

[metadata.files]
aiofiles = []
aiogram = []
aiogram-dialog = []
aiohttp = []
aiosignal = []
async-timeout = []
attrs = []
cachetools = []
certifi = []
charset-normalizer = []
frozenlist = []
idna = []
jinja2 = []
magic-filter = []
markupsafe = []
multidict = []
pydantic = []
typing-extensions = []
yarl = []
